
Microsoft Visual Studio Solution File, Format Version 12.00
# Visual Studio Version 17
VisualStudioVersion = 17.2.32630.192
MinimumVisualStudioVersion = 10.0.40219.1
Project("{FAE04EC0-301F-11D3-BF4B-00C04F79EFBC}") = "DigitusIdentity", "DigitusIdentity\DigitusIdentity.csproj", "{74E4E493-1426-41DF-940F-631E6B3500E4}"
EndProject
Global
	GlobalSection(SolutionConfigurationPlatforms) = preSolution
		Debug|Any CPU = Debug|Any CPU
		Release|Any CPU = Release|Any CPU
	EndGlobalSection
	GlobalSection(ProjectConfigurationPlatforms) = postSolution
		{74E4E493-1426-41DF-940F-631E6B3500E4}.Debug|Any CPU.ActiveCfg = Debug|Any CPU
		{74E4E493-1426-41DF-940F-631E6B3500E4}.Debug|Any CPU.Build.0 = Debug|Any CPU
		{74E4E493-1426-41DF-940F-631E6B3500E4}.Release|Any CPU.ActiveCfg = Release|Any CPU
		{74E4E493-1426-41DF-940F-631E6B3500E4}.Release|Any CPU.Build.0 = Release|Any CPU
	EndGlobalSection
	GlobalSection(SolutionProperties) = preSolution
		HideSolutionNode = FALSE
	EndGlobalSection
	GlobalSection(ExtensibilityGlobals) = postSolution
		SolutionGuid = {FBCB40BE-61BB-4FDD-9F90-DBD08F6EC905}
	EndGlobalSection
EndGlobal
